
Microsoft Visual Studio Solution File, Format Version 12.00
# Visual Studio 15
VisualStudioVersion = 15.0.26730.12
MinimumVisualStudioVersion = 10.0.40219.1
Project("{8BC9CEB8-8B4A-11D0-8D11-00A0C91BC942}") = "lab_development", "lab_development\lab_development.vcxproj", "{3D773DBD-2D35-4DA7-B049-5C5EC869ABE0}"
EndProject
Global
	GlobalSection(SolutionConfigurationPlatforms) = preSolution
		Debug|x64 = Debug|x64
		Debug|x86 = Debug|x86
		Release|x64 = Release|x64
		Release|x86 = Release|x86
	EndGlobalSection
	GlobalSection(ProjectConfigurationPlatforms) = postSolution
		{3D773DBD-2D35-4DA7-B049-5C5EC869ABE0}.Debug|x64.ActiveCfg = Debug|x64
		{3D773DBD-2D35-4DA7-B049-5C5EC869ABE0}.Debug|x64.Build.0 = Debug|x64
		{3D773DBD-2D35-4DA7-B049-5C5EC869ABE0}.Debug|x86.ActiveCfg = Debug|Win32
		{3D773DBD-2D35-4DA7-B049-5C5EC869ABE0}.Debug|x86.Build.0 = Debug|Win32
		{3D773DBD-2D35-4DA7-B049-5C5EC869ABE0}.Release|x64.ActiveCfg = Release|x64
		{3D773DBD-2D35-4DA7-B049-5C5EC869ABE0}.Release|x64.Build.0 = Release|x64
		{3D773DBD-2D35-4DA7-B049-5C5EC869ABE0}.Release|x86.ActiveCfg = Release|Win32
		{3D773DBD-2D35-4DA7-B049-5C5EC869ABE0}.Release|x86.Build.0 = Release|Win32
	EndGlobalSection
	GlobalSection(SolutionProperties) = preSolution
		HideSolutionNode = FALSE
	EndGlobalSection
	GlobalSection(ExtensibilityGlobals) = postSolution
		SolutionGuid = {50DB2244-B6D1-426C-A426-FABC6E3674F5}
	EndGlobalSection
EndGlobal
